// !$*UTF8*$!
{
	archiveVersion = 1;
	classes = {
	};
	objectVersion = 46;
	objects = {

/* Begin PBXBuildFile section */
		252CA85B196D6F62C260C1F4 /* Pods_AppRTCSwift.framework in Frameworks */ = {isa = PBXBuildFile; fileRef = 439C142C7BAF7B523F667D63 /* Pods_AppRTCSwift.framework */; };
		354A2ACBFA9DFEFFAACF1FC0 /* Pods_AppRTCSwiftTests.framework in Frameworks */ = {isa = PBXBuildFile; fileRef = B0F8AC2FC124B802666D5DF6 /* Pods_AppRTCSwiftTests.framework */; };
		3EE3AE824EB61F95E50B9D8E /* Pods_AppRTCSwiftUITests.framework in Frameworks */ = {isa = PBXBuildFile; fileRef = F91C6DFE088B64B3AB037469 /* Pods_AppRTCSwiftUITests.framework */; };
		638AAFE71F5C74F700EA13FF /* ARDAppClient.swift in Sources */ = {isa = PBXBuildFile; fileRef = 638AAFE61F5C74F700EA13FF /* ARDAppClient.swift */; };
		63C8109C1F427EB1001A4211 /* ARTCRoomTextInputViewCell.swift in Sources */ = {isa = PBXBuildFile; fileRef = 63C8109B1F427EB1001A4211 /* ARTCRoomTextInputViewCell.swift */; };
		63C8109E1F42D08A001A4211 /* ARTCVideoChatViewController.swift in Sources */ = {isa = PBXBuildFile; fileRef = 63C8109D1F42D08A001A4211 /* ARTCVideoChatViewController.swift */; };
		63C810A11F43B794001A4211 /* RTCSessionDescription+JSON.swift in Sources */ = {isa = PBXBuildFile; fileRef = 63C810A01F43B794001A4211 /* RTCSessionDescription+JSON.swift */; };
		63C810A31F43CC86001A4211 /* RTCMediaConstraints+JSON.swift in Sources */ = {isa = PBXBuildFile; fileRef = 63C810A21F43CC86001A4211 /* RTCMediaConstraints+JSON.swift */; };
		63C810A51F440EE7001A4211 /* RTCICEServer+JSON.swift in Sources */ = {isa = PBXBuildFile; fileRef = 63C810A41F440EE7001A4211 /* RTCICEServer+JSON.swift */; };
		63C810A71F4416D3001A4211 /* RTCICECandidate+JSON.swift in Sources */ = {isa = PBXBuildFile; fileRef = 63C810A61F4416D3001A4211 /* RTCICECandidate+JSON.swift */; };
		63C810A91F453732001A4211 /* ARDUtilities.swift in Sources */ = {isa = PBXBuildFile; fileRef = 63C810A81F453732001A4211 /* ARDUtilities.swift */; };
		63C810AB1F45496D001A4211 /* ARDMessageResponse.swift in Sources */ = {isa = PBXBuildFile; fileRef = 63C810AA1F45496D001A4211 /* ARDMessageResponse.swift */; };
		63C810AD1F455985001A4211 /* ARDRegisterResponse.swift in Sources */ = {isa = PBXBuildFile; fileRef = 63C810AC1F455985001A4211 /* ARDRegisterResponse.swift */; };
		63C810AF1F47BDC4001A4211 /* ARDSignalingMessage.swift in Sources */ = {isa = PBXBuildFile; fileRef = 63C810AE1F47BDC4001A4211 /* ARDSignalingMessage.swift */; };
		63C810B11F47E313001A4211 /* ARDWebSocketChannel.swift in Sources */ = {isa = PBXBuildFile; fileRef = 63C810B01F47E313001A4211 /* ARDWebSocketChannel.swift */; };
		63DC0C271F4271F300808D9D /* AppDelegate.swift in Sources */ = {isa = PBXBuildFile; fileRef = 63DC0C261F4271F300808D9D /* AppDelegate.swift */; };
		63DC0C291F4271F300808D9D /* ARTCRoomViewController.swift in Sources */ = {isa = PBXBuildFile; fileRef = 63DC0C281F4271F300808D9D /* ARTCRoomViewController.swift */; };
		63DC0C2C1F4271F300808D9D /* Main.storyboard in Resources */ = {isa = PBXBuildFile; fileRef = 63DC0C2A1F4271F300808D9D /* Main.storyboard */; };
		63DC0C2E1F4271F300808D9D /* Assets.xcassets in Resources */ = {isa = PBXBuildFile; fileRef = 63DC0C2D1F4271F300808D9D /* Assets.xcassets */; };
		63DC0C311F4271F300808D9D /* LaunchScreen.storyboard in Resources */ = {isa = PBXBuildFile; fileRef = 63DC0C2F1F4271F300808D9D /* LaunchScreen.storyboard */; };
		63DC0C3C1F4271F300808D9D /* AppRTCSwiftTests.swift in Sources */ = {isa = PBXBuildFile; fileRef = 63DC0C3B1F4271F300808D9D /* AppRTCSwiftTests.swift */; };
		63DC0C471F4271F300808D9D /* AppRTCSwiftUITests.swift in Sources */ = {isa = PBXBuildFile; fileRef = 63DC0C461F4271F300808D9D /* AppRTCSwiftUITests.swift */; };
/* End PBXBuildFile section */

/* Begin PBXContainerItemProxy section */
		63DC0C381F4271F300808D9D /* PBXContainerItemProxy */ = {
			isa = PBXContainerItemProxy;
			containerPortal = 63DC0C1B1F4271F300808D9D /* Project object */;
			proxyType = 1;
			remoteGlobalIDString = 63DC0C221F4271F300808D9D;
			remoteInfo = AppRTCSwift;
		};
		63DC0C431F4271F300808D9D /* PBXContainerItemProxy */ = {
			isa = PBXContainerItemProxy;
			containerPortal = 63DC0C1B1F4271F300808D9D /* Project object */;
			proxyType = 1;
			remoteGlobalIDString = 63DC0C221F4271F300808D9D;
			remoteInfo = AppRTCSwift;
		};
/* End PBXContainerItemProxy section */

/* Begin PBXFileReference section */
		0E1E4730B2A39897AE21D3A7 /* Pods-AppRTCSwiftTests.debug.xcconfig */ = {isa = PBXFileReference; includeInIndex = 1; lastKnownFileType = text.xcconfig; name = "Pods-AppRTCSwiftTests.debug.xcconfig"; path = "Pods/Target Support Files/Pods-AppRTCSwiftTests/Pods-AppRTCSwiftTests.debug.xcconfig"; sourceTree = "<group>"; };
		254776DD73FD3BA79DF01E45 /* Pods-AppRTCSwiftUITests.debug.xcconfig */ = {isa = PBXFileReference; includeInIndex = 1; lastKnownFileType = text.xcconfig; name = "Pods-AppRTCSwiftUITests.debug.xcconfig"; path = "Pods/Target Support Files/Pods-AppRTCSwiftUITests/Pods-AppRTCSwiftUITests.debug.xcconfig"; sourceTree = "<group>"; };
		439C142C7BAF7B523F667D63 /* Pods_AppRTCSwift.framework */ = {isa = PBXFileReference; explicitFileType = wrapper.framework; includeInIndex = 0; path = Pods_AppRTCSwift.framework; sourceTree = BUILT_PRODUCTS_DIR; };
		51E4911762239FB2E3B306E9 /* Pods-AppRTCSwift.debug.xcconfig */ = {isa = PBXFileReference; includeInIndex = 1; lastKnownFileType = text.xcconfig; name = "Pods-AppRTCSwift.debug.xcconfig"; path = "Pods/Target Support Files/Pods-AppRTCSwift/Pods-AppRTCSwift.debug.xcconfig"; sourceTree = "<group>"; };
		60E81DF4F6E4D16168027556 /* Pods-AppRTCSwift.release.xcconfig */ = {isa = PBXFileReference; includeInIndex = 1; lastKnownFileType = text.xcconfig; name = "Pods-AppRTCSwift.release.xcconfig"; path = "Pods/Target Support Files/Pods-AppRTCSwift/Pods-AppRTCSwift.release.xcconfig"; sourceTree = "<group>"; };
		638AAFE61F5C74F700EA13FF /* ARDAppClient.swift */ = {isa = PBXFileReference; fileEncoding = 4; lastKnownFileType = sourcecode.swift; path = ARDAppClient.swift; sourceTree = "<group>"; };
		63C810971F427A86001A4211 /* AppRTCSwift-Bridging-Header.h */ = {isa = PBXFileReference; lastKnownFileType = sourcecode.c.h; path = "AppRTCSwift-Bridging-Header.h"; sourceTree = SOURCE_ROOT; };
		63C8109B1F427EB1001A4211 /* ARTCRoomTextInputViewCell.swift */ = {isa = PBXFileReference; fileEncoding = 4; lastKnownFileType = sourcecode.swift; path = ARTCRoomTextInputViewCell.swift; sourceTree = "<group>"; };
		63C8109D1F42D08A001A4211 /* ARTCVideoChatViewController.swift */ = {isa = PBXFileReference; fileEncoding = 4; lastKnownFileType = sourcecode.swift; path = ARTCVideoChatViewController.swift; sourceTree = "<group>"; };
		63C810A01F43B794001A4211 /* RTCSessionDescription+JSON.swift */ = {isa = PBXFileReference; fileEncoding = 4; lastKnownFileType = sourcecode.swift; path = "RTCSessionDescription+JSON.swift"; sourceTree = "<group>"; };
		63C810A21F43CC86001A4211 /* RTCMediaConstraints+JSON.swift */ = {isa = PBXFileReference; fileEncoding = 4; lastKnownFileType = sourcecode.swift; path = "RTCMediaConstraints+JSON.swift"; sourceTree = "<group>"; };
		63C810A41F440EE7001A4211 /* RTCICEServer+JSON.swift */ = {isa = PBXFileReference; fileEncoding = 4; lastKnownFileType = sourcecode.swift; path = "RTCICEServer+JSON.swift"; sourceTree = "<group>"; };
		63C810A61F4416D3001A4211 /* RTCICECandidate+JSON.swift */ = {isa = PBXFileReference; fileEncoding = 4; lastKnownFileType = sourcecode.swift; path = "RTCICECandidate+JSON.swift"; sourceTree = "<group>"; };
		63C810A81F453732001A4211 /* ARDUtilities.swift */ = {isa = PBXFileReference; fileEncoding = 4; lastKnownFileType = sourcecode.swift; path = ARDUtilities.swift; sourceTree = "<group>"; };
		63C810AA1F45496D001A4211 /* ARDMessageResponse.swift */ = {isa = PBXFileReference; fileEncoding = 4; lastKnownFileType = sourcecode.swift; path = ARDMessageResponse.swift; sourceTree = "<group>"; };
		63C810AC1F455985001A4211 /* ARDRegisterResponse.swift */ = {isa = PBXFileReference; fileEncoding = 4; lastKnownFileType = sourcecode.swift; path = ARDRegisterResponse.swift; sourceTree = "<group>"; };
		63C810AE1F47BDC4001A4211 /* ARDSignalingMessage.swift */ = {isa = PBXFileReference; fileEncoding = 4; lastKnownFileType = sourcecode.swift; path = ARDSignalingMessage.swift; sourceTree = "<group>"; };
		63C810B01F47E313001A4211 /* ARDWebSocketChannel.swift */ = {isa = PBXFileReference; fileEncoding = 4; lastKnownFileType = sourcecode.swift; path = ARDWebSocketChannel.swift; sourceTree = "<group>"; };
		63DC0C231F4271F300808D9D /* AppRTCSwift.app */ = {isa = PBXFileReference; explicitFileType = wrapper.application; includeInIndex = 0; path = AppRTCSwift.app; sourceTree = BUILT_PRODUCTS_DIR; };
		63DC0C261F4271F300808D9D /* AppDelegate.swift */ = {isa = PBXFileReference; lastKnownFileType = sourcecode.swift; path = AppDelegate.swift; sourceTree = "<group>"; };
		63DC0C281F4271F300808D9D /* ARTCRoomViewController.swift */ = {isa = PBXFileReference; lastKnownFileType = sourcecode.swift; path = ARTCRoomViewController.swift; sourceTree = "<group>"; };
		63DC0C2B1F4271F300808D9D /* Base */ = {isa = PBXFileReference; lastKnownFileType = file.storyboard; name = Base; path = Base.lproj/Main.storyboard; sourceTree = "<group>"; };
		63DC0C2D1F4271F300808D9D /* Assets.xcassets */ = {isa = PBXFileReference; lastKnownFileType = folder.assetcatalog; path = Assets.xcassets; sourceTree = "<group>"; };
		63DC0C301F4271F300808D9D /* Base */ = {isa = PBXFileReference; lastKnownFileType = file.storyboard; name = Base; path = Base.lproj/LaunchScreen.storyboard; sourceTree = "<group>"; };
		63DC0C321F4271F300808D9D /* Info.plist */ = {isa = PBXFileReference; lastKnownFileType = text.plist.xml; path = Info.plist; sourceTree = "<group>"; };
		63DC0C371F4271F300808D9D /* AppRTCSwiftTests.xctest */ = {isa = PBXFileReference; explicitFileType = wrapper.cfbundle; includeInIndex = 0; path = AppRTCSwiftTests.xctest; sourceTree = BUILT_PRODUCTS_DIR; };
		63DC0C3B1F4271F300808D9D /* AppRTCSwiftTests.swift */ = {isa = PBXFileReference; lastKnownFileType = sourcecode.swift; path = AppRTCSwiftTests.swift; sourceTree = "<group>"; };
		63DC0C3D1F4271F300808D9D /* Info.plist */ = {isa = PBXFileReference; lastKnownFileType = text.plist.xml; path = Info.plist; sourceTree = "<group>"; };
		63DC0C421F4271F300808D9D /* AppRTCSwiftUITests.xctest */ = {isa = PBXFileReference; explicitFileType = wrapper.cfbundle; includeInIndex = 0; path = AppRTCSwiftUITests.xctest; sourceTree = BUILT_PRODUCTS_DIR; };
		63DC0C461F4271F300808D9D /* AppRTCSwiftUITests.swift */ = {isa = PBXFileReference; lastKnownFileType = sourcecode.swift; path = AppRTCSwiftUITests.swift; sourceTree = "<group>"; };
		63DC0C481F4271F300808D9D /* Info.plist */ = {isa = PBXFileReference; lastKnownFileType = text.plist.xml; path = Info.plist; sourceTree = "<group>"; };
		7D21F3EAD2E78B0C26497FC2 /* Pods-AppRTCSwiftUITests.release.xcconfig */ = {isa = PBXFileReference; includeInIndex = 1; lastKnownFileType = text.xcconfig; name = "Pods-AppRTCSwiftUITests.release.xcconfig"; path = "Pods/Target Support Files/Pods-AppRTCSwiftUITests/Pods-AppRTCSwiftUITests.release.xcconfig"; sourceTree = "<group>"; };
		90834BAEECCE5BD950754D7E /* Pods-AppRTCSwiftTests.release.xcconfig */ = {isa = PBXFileReference; includeInIndex = 1; lastKnownFileType = text.xcconfig; name = "Pods-AppRTCSwiftTests.release.xcconfig"; path = "Pods/Target Support Files/Pods-AppRTCSwiftTests/Pods-AppRTCSwiftTests.release.xcconfig"; sourceTree = "<group>"; };
		B0F8AC2FC124B802666D5DF6 /* Pods_AppRTCSwiftTests.framework */ = {isa = PBXFileReference; explicitFileType = wrapper.framework; includeInIndex = 0; path = Pods_AppRTCSwiftTests.framework; sourceTree = BUILT_PRODUCTS_DIR; };
		F91C6DFE088B64B3AB037469 /* Pods_AppRTCSwiftUITests.framework */ = {isa = PBXFileReference; explicitFileType = wrapper.framework; includeInIndex = 0; path = Pods_AppRTCSwiftUITests.framework; sourceTree = BUILT_PRODUCTS_DIR; };
/* End PBXFileReference section */

/* Begin PBXFrameworksBuildPhase section */
		63DC0C201F4271F300808D9D /* Frameworks */ = {
			isa = PBXFrameworksBuildPhase;
			buildActionMask = 2147483647;
			files = (
				252CA85B196D6F62C260C1F4 /* Pods_AppRTCSwift.framework in Frameworks */,
			);
			runOnlyForDeploymentPostprocessing = 0;
		};
		63DC0C341F4271F300808D9D /* Frameworks */ = {
			isa = PBXFrameworksBuildPhase;
			buildActionMask = 2147483647;
			files = (
				354A2ACBFA9DFEFFAACF1FC0 /* Pods_AppRTCSwiftTests.framework in Frameworks */,
			);
			runOnlyForDeploymentPostprocessing = 0;
		};
		63DC0C3F1F4271F300808D9D /* Frameworks */ = {
			isa = PBXFrameworksBuildPhase;
			buildActionMask = 2147483647;
			files = (
				3EE3AE824EB61F95E50B9D8E /* Pods_AppRTCSwiftUITests.framework in Frameworks */,
			);
			runOnlyForDeploymentPostprocessing = 0;
		};
/* End PBXFrameworksBuildPhase section */

/* Begin PBXGroup section */
		2BF1CC2F316120422671B256 /* Frameworks */ = {
			isa = PBXGroup;
			children = (
				439C142C7BAF7B523F667D63 /* Pods_AppRTCSwift.framework */,
				B0F8AC2FC124B802666D5DF6 /* Pods_AppRTCSwiftTests.framework */,
				F91C6DFE088B64B3AB037469 /* Pods_AppRTCSwiftUITests.framework */,
			);
			name = Frameworks;
			sourceTree = "<group>";
		};
		30F6E305896064407B2C5619 /* Pods */ = {
			isa = PBXGroup;
			children = (
				51E4911762239FB2E3B306E9 /* Pods-AppRTCSwift.debug.xcconfig */,
				60E81DF4F6E4D16168027556 /* Pods-AppRTCSwift.release.xcconfig */,
				0E1E4730B2A39897AE21D3A7 /* Pods-AppRTCSwiftTests.debug.xcconfig */,
				90834BAEECCE5BD950754D7E /* Pods-AppRTCSwiftTests.release.xcconfig */,
				254776DD73FD3BA79DF01E45 /* Pods-AppRTCSwiftUITests.debug.xcconfig */,
				7D21F3EAD2E78B0C26497FC2 /* Pods-AppRTCSwiftUITests.release.xcconfig */,
			);
			name = Pods;
			sourceTree = "<group>";
		};
		63C810931F42745C001A4211 /* App */ = {
			isa = PBXGroup;
			children = (
				63DC0C261F4271F300808D9D /* AppDelegate.swift */,
				63DC0C2A1F4271F300808D9D /* Main.storyboard */,
				63DC0C2D1F4271F300808D9D /* Assets.xcassets */,
				63DC0C2F1F4271F300808D9D /* LaunchScreen.storyboard */,
			);
			name = App;
			sourceTree = "<group>";
		};
		63C8109F1F43B76D001A4211 /* Lib */ = {
			isa = PBXGroup;
			children = (
				638AAFE61F5C74F700EA13FF /* ARDAppClient.swift */,
				63C810AA1F45496D001A4211 /* ARDMessageResponse.swift */,
				63C810AC1F455985001A4211 /* ARDRegisterResponse.swift */,
				63C810AE1F47BDC4001A4211 /* ARDSignalingMessage.swift */,
				63C810A81F453732001A4211 /* ARDUtilities.swift */,
				63C810B01F47E313001A4211 /* ARDWebSocketChannel.swift */,
				63C810A61F4416D3001A4211 /* RTCICECandidate+JSON.swift */,
				63C810A41F440EE7001A4211 /* RTCICEServer+JSON.swift */,
				63C810A21F43CC86001A4211 /* RTCMediaConstraints+JSON.swift */,
				63C810A01F43B794001A4211 /* RTCSessionDescription+JSON.swift */,
			);
			name = Lib;
			sourceTree = "<group>";
		};
		63DC0C1A1F4271F300808D9D = {
			isa = PBXGroup;
			children = (
				63C810971F427A86001A4211 /* AppRTCSwift-Bridging-Header.h */,
				63DC0C251F4271F300808D9D /* AppRTCSwift */,
				63DC0C3A1F4271F300808D9D /* AppRTCSwiftTests */,
				63DC0C451F4271F300808D9D /* AppRTCSwiftUITests */,
				63DC0C241F4271F300808D9D /* Products */,
				30F6E305896064407B2C5619 /* Pods */,
				2BF1CC2F316120422671B256 /* Frameworks */,
			);
			sourceTree = "<group>";
		};
		63DC0C241F4271F300808D9D /* Products */ = {
			isa = PBXGroup;
			children = (
				63DC0C231F4271F300808D9D /* AppRTCSwift.app */,
				63DC0C371F4271F300808D9D /* AppRTCSwiftTests.xctest */,
				63DC0C421F4271F300808D9D /* AppRTCSwiftUITests.xctest */,
			);
			name = Products;
			sourceTree = "<group>";
		};
		63DC0C251F4271F300808D9D /* AppRTCSwift */ = {
			isa = PBXGroup;
			children = (
				63C810931F42745C001A4211 /* App */,
				63C8109F1F43B76D001A4211 /* Lib */,
				63DC0C541F42720700808D9D /* ViewControllers */,
				63DC0C551F42721600808D9D /* Views */,
				63DC0C561F42723200808D9D /* Supporting Files */,
			);
			path = AppRTCSwift;
			sourceTree = "<group>";
		};
		63DC0C3A1F4271F300808D9D /* AppRTCSwiftTests */ = {
			isa = PBXGroup;
			children = (
				63DC0C3B1F4271F300808D9D /* AppRTCSwiftTests.swift */,
				63DC0C3D1F4271F300808D9D /* Info.plist */,
			);
			path = AppRTCSwiftTests;
			sourceTree = "<group>";
		};
		63DC0C451F4271F300808D9D /* AppRTCSwiftUITests */ = {
			isa = PBXGroup;
			children = (
				63DC0C461F4271F300808D9D /* AppRTCSwiftUITests.swift */,
				63DC0C481F4271F300808D9D /* Info.plist */,
			);
			path = AppRTCSwiftUITests;
			sourceTree = "<group>";
		};
		63DC0C541F42720700808D9D /* ViewControllers */ = {
			isa = PBXGroup;
			children = (
				63DC0C281F4271F300808D9D /* ARTCRoomViewController.swift */,
				63C8109D1F42D08A001A4211 /* ARTCVideoChatViewController.swift */,
			);
			name = ViewControllers;
			sourceTree = "<group>";
		};
		63DC0C551F42721600808D9D /* Views */ = {
			isa = PBXGroup;
			children = (
				63C8109B1F427EB1001A4211 /* ARTCRoomTextInputViewCell.swift */,
			);
			name = Views;
			sourceTree = "<group>";
		};
		63DC0C561F42723200808D9D /* Supporting Files */ = {
			isa = PBXGroup;
			children = (
				63DC0C321F4271F300808D9D /* Info.plist */,
			);
			name = "Supporting Files";
			sourceTree = "<group>";
		};
/* End PBXGroup section */

/* Begin PBXNativeTarget section */
		63DC0C221F4271F300808D9D /* AppRTCSwift */ = {
			isa = PBXNativeTarget;
			buildConfigurationList = 63DC0C4B1F4271F300808D9D /* Build configuration list for PBXNativeTarget "AppRTCSwift" */;
			buildPhases = (
				088D1739E38CAEED96817934 /* [CP] Check Pods Manifest.lock */,
				63DC0C1F1F4271F300808D9D /* Sources */,
				63DC0C201F4271F300808D9D /* Frameworks */,
				63DC0C211F4271F300808D9D /* Resources */,
				8265F6E6A6C5724046E65E66 /* [CP] Embed Pods Frameworks */,
			);
			buildRules = (
			);
			dependencies = (
			);
			name = AppRTCSwift;
			productName = AppRTCSwift;
			productReference = 63DC0C231F4271F300808D9D /* AppRTCSwift.app */;
			productType = "com.apple.product-type.application";
		};
		63DC0C361F4271F300808D9D /* AppRTCSwiftTests */ = {
			isa = PBXNativeTarget;
			buildConfigurationList = 63DC0C4E1F4271F300808D9D /* Build configuration list for PBXNativeTarget "AppRTCSwiftTests" */;
			buildPhases = (
				C9122FEDDCA8A00201F17A40 /* [CP] Check Pods Manifest.lock */,
				63DC0C331F4271F300808D9D /* Sources */,
				63DC0C341F4271F300808D9D /* Frameworks */,
				63DC0C351F4271F300808D9D /* Resources */,
			);
			buildRules = (
			);
			dependencies = (
				63DC0C391F4271F300808D9D /* PBXTargetDependency */,
			);
			name = AppRTCSwiftTests;
			productName = AppRTCSwiftTests;
			productReference = 63DC0C371F4271F300808D9D /* AppRTCSwiftTests.xctest */;
			productType = "com.apple.product-type.bundle.unit-test";
		};
		63DC0C411F4271F300808D9D /* AppRTCSwiftUITests */ = {
			isa = PBXNativeTarget;
			buildConfigurationList = 63DC0C511F4271F300808D9D /* Build configuration list for PBXNativeTarget "AppRTCSwiftUITests" */;
			buildPhases = (
				2F3FA2D64379BB9DE2039FBE /* [CP] Check Pods Manifest.lock */,
				63DC0C3E1F4271F300808D9D /* Sources */,
				63DC0C3F1F4271F300808D9D /* Frameworks */,
				63DC0C401F4271F300808D9D /* Resources */,
			);
			buildRules = (
			);
			dependencies = (
				63DC0C441F4271F300808D9D /* PBXTargetDependency */,
			);
			name = AppRTCSwiftUITests;
			productName = AppRTCSwiftUITests;
			productReference = 63DC0C421F4271F300808D9D /* AppRTCSwiftUITests.xctest */;
			productType = "com.apple.product-type.bundle.ui-testing";
		};
/* End PBXNativeTarget section */

/* Begin PBXProject section */
		63DC0C1B1F4271F300808D9D /* Project object */ = {
			isa = PBXProject;
			attributes = {
				LastSwiftUpdateCheck = 0830;
				LastUpgradeCheck = 0930;
				ORGANIZATIONNAME = "Brandon Maynard";
				TargetAttributes = {
					63DC0C221F4271F300808D9D = {
						CreatedOnToolsVersion = 8.3.3;
						DevelopmentTeam = LJABPM2A78;
						LastSwiftMigration = 0930;
						ProvisioningStyle = Automatic;
					};
					63DC0C361F4271F300808D9D = {
						CreatedOnToolsVersion = 8.3.3;
						DevelopmentTeam = LJABPM2A78;
						LastSwiftMigration = 0930;
						ProvisioningStyle = Automatic;
						TestTargetID = 63DC0C221F4271F300808D9D;
					};
					63DC0C411F4271F300808D9D = {
						CreatedOnToolsVersion = 8.3.3;
						DevelopmentTeam = LJABPM2A78;
						LastSwiftMigration = 0930;
						ProvisioningStyle = Automatic;
						TestTargetID = 63DC0C221F4271F300808D9D;
					};
				};
			};
			buildConfigurationList = 63DC0C1E1F4271F300808D9D /* Build configuration list for PBXProject "AppRTCSwift" */;
			compatibilityVersion = "Xcode 3.2";
			developmentRegion = English;
			hasScannedForEncodings = 0;
			knownRegions = (
				en,
				Base,
			);
			mainGroup = 63DC0C1A1F4271F300808D9D;
			productRefGroup = 63DC0C241F4271F300808D9D /* Products */;
			projectDirPath = "";
			projectRoot = "";
			targets = (
				63DC0C221F4271F300808D9D /* AppRTCSwift */,
				63DC0C361F4271F300808D9D /* AppRTCSwiftTests */,
				63DC0C411F4271F300808D9D /* AppRTCSwiftUITests */,
			);
		};
/* End PBXProject section */

/* Begin PBXResourcesBuildPhase section */
		63DC0C211F4271F300808D9D /* Resources */ = {
			isa = PBXResourcesBuildPhase;
			buildActionMask = 2147483647;
			files = (
				63DC0C311F4271F300808D9D /* LaunchScreen.storyboard in Resources */,
				63DC0C2E1F4271F300808D9D /* Assets.xcassets in Resources */,
				63DC0C2C1F4271F300808D9D /* Main.storyboard in Resources */,
			);
			runOnlyForDeploymentPostprocessing = 0;
		};
		63DC0C351F4271F300808D9D /* Resources */ = {
			isa = PBXResourcesBuildPhase;
			buildActionMask = 2147483647;
			files = (
			);
			runOnlyForDeploymentPostprocessing = 0;
		};
		63DC0C401F4271F300808D9D /* Resources */ = {
			isa = PBXResourcesBuildPhase;
			buildActionMask = 2147483647;
			files = (
			);
			runOnlyForDeploymentPostprocessing = 0;
		};
/* End PBXResourcesBuildPhase section */

/* Begin PBXShellScriptBuildPhase section */
		088D1739E38CAEED96817934 /* [CP] Check Pods Manifest.lock */ = {
			isa = PBXShellScriptBuildPhase;
			buildActionMask = 2147483647;
			files = (
			);
			inputPaths = (
				"${PODS_PODFILE_DIR_PATH}/Podfile.lock",
				"${PODS_ROOT}/Manifest.lock",
			);
			name = "[CP] Check Pods Manifest.lock";
			outputPaths = (
				"$(DERIVED_FILE_DIR)/Pods-AppRTCSwift-checkManifestLockResult.txt",
			);
			runOnlyForDeploymentPostprocessing = 0;
			shellPath = /bin/sh;
			shellScript = "diff \"${PODS_PODFILE_DIR_PATH}/Podfile.lock\" \"${PODS_ROOT}/Manifest.lock\" > /dev/null\nif [ $? != 0 ] ; then\n    # print error to STDERR\n    echo \"error: The sandbox is not in sync with the Podfile.lock. Run 'pod install' or update your CocoaPods installation.\" >&2\n    exit 1\nfi\n# This output is used by Xcode 'outputs' to avoid re-running this script phase.\necho \"SUCCESS\" > \"${SCRIPT_OUTPUT_FILE_0}\"\n";
			showEnvVarsInLog = 0;
		};
		2F3FA2D64379BB9DE2039FBE /* [CP] Check Pods Manifest.lock */ = {
			isa = PBXShellScriptBuildPhase;
			buildActionMask = 2147483647;
			files = (
			);
			inputPaths = (
				"${PODS_PODFILE_DIR_PATH}/Podfile.lock",
				"${PODS_ROOT}/Manifest.lock",
			);
			name = "[CP] Check Pods Manifest.lock";
			outputPaths = (
				"$(DERIVED_FILE_DIR)/Pods-AppRTCSwiftUITests-checkManifestLockResult.txt",
			);
			runOnlyForDeploymentPostprocessing = 0;
			shellPath = /bin/sh;
			shellScript = "diff \"${PODS_PODFILE_DIR_PATH}/Podfile.lock\" \"${PODS_ROOT}/Manifest.lock\" > /dev/null\nif [ $? != 0 ] ; then\n    # print error to STDERR\n    echo \"error: The sandbox is not in sync with the Podfile.lock. Run 'pod install' or update your CocoaPods installation.\" >&2\n    exit 1\nfi\n# This output is used by Xcode 'outputs' to avoid re-running this script phase.\necho \"SUCCESS\" > \"${SCRIPT_OUTPUT_FILE_0}\"\n";
			showEnvVarsInLog = 0;
		};
		8265F6E6A6C5724046E65E66 /* [CP] Embed Pods Frameworks */ = {
			isa = PBXShellScriptBuildPhase;
			buildActionMask = 2147483647;
			files = (
			);
			inputPaths = (
				"${SRCROOT}/Pods/Target Support Files/Pods-AppRTCSwift/Pods-AppRTCSwift-frameworks.sh",
				"${BUILT_PRODUCTS_DIR}/SocketRocket/SocketRocket.framework",
			);
			name = "[CP] Embed Pods Frameworks";
			outputPaths = (
				"${TARGET_BUILD_DIR}/${FRAMEWORKS_FOLDER_PATH}/SocketRocket.framework",
			);
			runOnlyForDeploymentPostprocessing = 0;
			shellPath = /bin/sh;
			shellScript = "\"${SRCROOT}/Pods/Target Support Files/Pods-AppRTCSwift/Pods-AppRTCSwift-frameworks.sh\"\n";
			showEnvVarsInLog = 0;
		};
		C9122FEDDCA8A00201F17A40 /* [CP] Check Pods Manifest.lock */ = {
			isa = PBXShellScriptBuildPhase;
			buildActionMask = 2147483647;
			files = (
			);
			inputPaths = (
				"${PODS_PODFILE_DIR_PATH}/Podfile.lock",
				"${PODS_ROOT}/Manifest.lock",
			);
			name = "[CP] Check Pods Manifest.lock";
			outputPaths = (
				"$(DERIVED_FILE_DIR)/Pods-AppRTCSwiftTests-checkManifestLockResult.txt",
			);
			runOnlyForDeploymentPostprocessing = 0;
			shellPath = /bin/sh;
			shellScript = "diff \"${PODS_PODFILE_DIR_PATH}/Podfile.lock\" \"${PODS_ROOT}/Manifest.lock\" > /dev/null\nif [ $? != 0 ] ; then\n    # print error to STDERR\n    echo \"error: The sandbox is not in sync with the Podfile.lock. Run 'pod install' or update your CocoaPods installation.\" >&2\n    exit 1\nfi\n# This output is used by Xcode 'outputs' to avoid re-running this script phase.\necho \"SUCCESS\" > \"${SCRIPT_OUTPUT_FILE_0}\"\n";
			showEnvVarsInLog = 0;
		};
/* End PBXShellScriptBuildPhase section */

/* Begin PBXSourcesBuildPhase section */
		63DC0C1F1F4271F300808D9D /* Sources */ = {
			isa = PBXSourcesBuildPhase;
			buildActionMask = 2147483647;
			files = (
				63C810AD1F455985001A4211 /* ARDRegisterResponse.swift in Sources */,
				63C8109E1F42D08A001A4211 /* ARTCVideoChatViewController.swift in Sources */,
				63C810A91F453732001A4211 /* ARDUtilities.swift in Sources */,
				63C810A71F4416D3001A4211 /* RTCICECandidate+JSON.swift in Sources */,
				63C810AF1F47BDC4001A4211 /* ARDSignalingMessage.swift in Sources */,
				63DC0C291F4271F300808D9D /* ARTCRoomViewController.swift in Sources */,
				638AAFE71F5C74F700EA13FF /* ARDAppClient.swift in Sources */,
				63C810B11F47E313001A4211 /* ARDWebSocketChannel.swift in Sources */,
				63C810AB1F45496D001A4211 /* ARDMessageResponse.swift in Sources */,
				63C810A11F43B794001A4211 /* RTCSessionDescription+JSON.swift in Sources */,
				63DC0C271F4271F300808D9D /* AppDelegate.swift in Sources */,
				63C810A51F440EE7001A4211 /* RTCICEServer+JSON.swift in Sources */,
				63C8109C1F427EB1001A4211 /* ARTCRoomTextInputViewCell.swift in Sources */,
				63C810A31F43CC86001A4211 /* RTCMediaConstraints+JSON.swift in Sources */,
			);
			runOnlyForDeploymentPostprocessing = 0;
		};
		63DC0C331F4271F300808D9D /* Sources */ = {
			isa = PBXSourcesBuildPhase;
			buildActionMask = 2147483647;
			files = (
				63DC0C3C1F4271F300808D9D /* AppRTCSwiftTests.swift in Sources */,
			);
			runOnlyForDeploymentPostprocessing = 0;
		};
		63DC0C3E1F4271F300808D9D /* Sources */ = {
			isa = PBXSourcesBuildPhase;
			buildActionMask = 2147483647;
			files = (
				63DC0C471F4271F300808D9D /* AppRTCSwiftUITests.swift in Sources */,
			);
			runOnlyForDeploymentPostprocessing = 0;
		};
/* End PBXSourcesBuildPhase section */

/* Begin PBXTargetDependency section */
		63DC0C391F4271F300808D9D /* PBXTargetDependency */ = {
			isa = PBXTargetDependency;
			target = 63DC0C221F4271F300808D9D /* AppRTCSwift */;
			targetProxy = 63DC0C381F4271F300808D9D /* PBXContainerItemProxy */;
		};
		63DC0C441F4271F300808D9D /* PBXTargetDependency */ = {
			isa = PBXTargetDependency;
			target = 63DC0C221F4271F300808D9D /* AppRTCSwift */;
			targetProxy = 63DC0C431F4271F300808D9D /* PBXContainerItemProxy */;
		};
/* End PBXTargetDependency section */

/* Begin PBXVariantGroup section */
		63DC0C2A1F4271F300808D9D /* Main.storyboard */ = {
			isa = PBXVariantGroup;
			children = (
				63DC0C2B1F4271F300808D9D /* Base */,
			);
			name = Main.storyboard;
			sourceTree = "<group>";
		};
		63DC0C2F1F4271F300808D9D /* LaunchScreen.storyboard */ = {
			isa = PBXVariantGroup;
			children = (
				63DC0C301F4271F300808D9D /* Base */,
			);
			name = LaunchScreen.storyboard;
			sourceTree = "<group>";
		};
/* End PBXVariantGroup section */

/* Begin XCBuildConfiguration section */
		63DC0C491F4271F300808D9D /* Debug */ = {
			isa = XCBuildConfiguration;
			buildSettings = {
				ALWAYS_SEARCH_USER_PATHS = NO;
				CLANG_ANALYZER_NONNULL = YES;
				CLANG_ANALYZER_NUMBER_OBJECT_CONVERSION = YES_AGGRESSIVE;
				CLANG_CXX_LANGUAGE_STANDARD = "gnu++0x";
				CLANG_CXX_LIBRARY = "libc++";
				CLANG_ENABLE_MODULES = YES;
				CLANG_ENABLE_OBJC_ARC = YES;
				CLANG_WARN_BLOCK_CAPTURE_AUTORELEASING = YES;
				CLANG_WARN_BOOL_CONVERSION = YES;
				CLANG_WARN_COMMA = YES;
				CLANG_WARN_CONSTANT_CONVERSION = YES;
				CLANG_WARN_DEPRECATED_OBJC_IMPLEMENTATIONS = YES;
				CLANG_WARN_DIRECT_OBJC_ISA_USAGE = YES_ERROR;
				CLANG_WARN_DOCUMENTATION_COMMENTS = YES;
				CLANG_WARN_EMPTY_BODY = YES;
				CLANG_WARN_ENUM_CONVERSION = YES;
				CLANG_WARN_INFINITE_RECURSION = YES;
				CLANG_WARN_INT_CONVERSION = YES;
				CLANG_WARN_NON_LITERAL_NULL_CONVERSION = YES;
				CLANG_WARN_OBJC_IMPLICIT_RETAIN_SELF = YES;
				CLANG_WARN_OBJC_LITERAL_CONVERSION = YES;
				CLANG_WARN_OBJC_ROOT_CLASS = YES_ERROR;
				CLANG_WARN_RANGE_LOOP_ANALYSIS = YES;
				CLANG_WARN_STRICT_PROTOTYPES = YES;
				CLANG_WARN_SUSPICIOUS_MOVE = YES;
				CLANG_WARN_UNREACHABLE_CODE = YES;
				CLANG_WARN__DUPLICATE_METHOD_MATCH = YES;
				"CODE_SIGN_IDENTITY[sdk=iphoneos*]" = "iPhone Developer";
				COPY_PHASE_STRIP = NO;
				DEBUG_INFORMATION_FORMAT = dwarf;
				DEFINES_MODULE = YES;
				ENABLE_STRICT_OBJC_MSGSEND = YES;
				ENABLE_TESTABILITY = YES;
				GCC_C_LANGUAGE_STANDARD = gnu99;
				GCC_DYNAMIC_NO_PIC = NO;
				GCC_NO_COMMON_BLOCKS = YES;
				GCC_OPTIMIZATION_LEVEL = 0;
				GCC_PREPROCESSOR_DEFINITIONS = (
					"DEBUG=1",
					"$(inherited)",
				);
				GCC_WARN_64_TO_32_BIT_CONVERSION = YES;
				GCC_WARN_ABOUT_RETURN_TYPE = YES_ERROR;
				GCC_WARN_UNDECLARED_SELECTOR = YES;
				GCC_WARN_UNINITIALIZED_AUTOS = YES_AGGRESSIVE;
				GCC_WARN_UNUSED_FUNCTION = YES;
				GCC_WARN_UNUSED_VARIABLE = YES;
				IPHONEOS_DEPLOYMENT_TARGET = 10.3;
				MTL_ENABLE_DEBUG_INFO = YES;
				ONLY_ACTIVE_ARCH = YES;
				SDKROOT = iphoneos;
				SWIFT_ACTIVE_COMPILATION_CONDITIONS = DEBUG;
				SWIFT_OPTIMIZATION_LEVEL = "-Onone";
			};
			name = Debug;
		};
		63DC0C4A1F4271F300808D9D /* Release */ = {
			isa = XCBuildConfiguration;
			buildSettings = {
				ALWAYS_SEARCH_USER_PATHS = NO;
				CLANG_ANALYZER_NONNULL = YES;
				CLANG_ANALYZER_NUMBER_OBJECT_CONVERSION = YES_AGGRESSIVE;
				CLANG_CXX_LANGUAGE_STANDARD = "gnu++0x";
				CLANG_CXX_LIBRARY = "libc++";
				CLANG_ENABLE_MODULES = YES;
				CLANG_ENABLE_OBJC_ARC = YES;
				CLANG_WARN_BLOCK_CAPTURE_AUTORELEASING = YES;
				CLANG_WARN_BOOL_CONVERSION = YES;
				CLANG_WARN_COMMA = YES;
				CLANG_WARN_CONSTANT_CONVERSION = YES;
				CLANG_WARN_DEPRECATED_OBJC_IMPLEMENTATIONS = YES;
				CLANG_WARN_DIRECT_OBJC_ISA_USAGE = YES_ERROR;
				CLANG_WARN_DOCUMENTATION_COMMENTS = YES;
				CLANG_WARN_EMPTY_BODY = YES;
				CLANG_WARN_ENUM_CONVERSION = YES;
				CLANG_WARN_INFINITE_RECURSION = YES;
				CLANG_WARN_INT_CONVERSION = YES;
				CLANG_WARN_NON_LITERAL_NULL_CONVERSION = YES;
				CLANG_WARN_OBJC_IMPLICIT_RETAIN_SELF = YES;
				CLANG_WARN_OBJC_LITERAL_CONVERSION = YES;
				CLANG_WARN_OBJC_ROOT_CLASS = YES_ERROR;
				CLANG_WARN_RANGE_LOOP_ANALYSIS = YES;
				CLANG_WARN_STRICT_PROTOTYPES = YES;
				CLANG_WARN_SUSPICIOUS_MOVE = YES;
				CLANG_WARN_UNREACHABLE_CODE = YES;
				CLANG_WARN__DUPLICATE_METHOD_MATCH = YES;
				"CODE_SIGN_IDENTITY[sdk=iphoneos*]" = "iPhone Developer";
				COPY_PHASE_STRIP = NO;
				DEBUG_INFORMATION_FORMAT = "dwarf-with-dsym";
				DEFINES_MODULE = YES;
				ENABLE_NS_ASSERTIONS = NO;
				ENABLE_STRICT_OBJC_MSGSEND = YES;
				GCC_C_LANGUAGE_STANDARD = gnu99;
				GCC_NO_COMMON_BLOCKS = YES;
				GCC_WARN_64_TO_32_BIT_CONVERSION = YES;
				GCC_WARN_ABOUT_RETURN_TYPE = YES_ERROR;
				GCC_WARN_UNDECLARED_SELECTOR = YES;
				GCC_WARN_UNINITIALIZED_AUTOS = YES_AGGRESSIVE;
				GCC_WARN_UNUSED_FUNCTION = YES;
				GCC_WARN_UNUSED_VARIABLE = YES;
				IPHONEOS_DEPLOYMENT_TARGET = 10.3;
				MTL_ENABLE_DEBUG_INFO = NO;
				SDKROOT = iphoneos;
				SWIFT_OPTIMIZATION_LEVEL = "-Owholemodule";
				VALIDATE_PRODUCT = YES;
			};
			name = Release;
		};
		63DC0C4C1F4271F300808D9D /* Debug */ = {
			isa = XCBuildConfiguration;
			baseConfigurationReference = 51E4911762239FB2E3B306E9 /* Pods-AppRTCSwift.debug.xcconfig */;
			buildSettings = {
				ASSETCATALOG_COMPILER_APPICON_NAME = AppIcon;
				CLANG_ENABLE_MODULES = YES;
				DEFINES_MODULE = YES;
				DEVELOPMENT_TEAM = LJABPM2A78;
				ENABLE_BITCODE = NO;
				INFOPLIST_FILE = AppRTCSwift/Info.plist;
				LD_RUNPATH_SEARCH_PATHS = "$(inherited) @executable_path/Frameworks";
				PRODUCT_BUNDLE_IDENTIFIER = net.brandontyler.AppRTCSwift;
				PRODUCT_NAME = "$(TARGET_NAME)";
				SWIFT_OBJC_BRIDGING_HEADER = "AppRTCSwift-Bridging-Header.h";
				SWIFT_OPTIMIZATION_LEVEL = "-Onone";
				SWIFT_SWIFT3_OBJC_INFERENCE = Default;
				SWIFT_VERSION = 4.0;
			};
			name = Debug;
		};
		63DC0C4D1F4271F300808D9D /* Release */ = {
			isa = XCBuildConfiguration;
			baseConfigurationReference = 60E81DF4F6E4D16168027556 /* Pods-AppRTCSwift.release.xcconfig */;
			buildSettings = {
				ASSETCATALOG_COMPILER_APPICON_NAME = AppIcon;
				CLANG_ENABLE_MODULES = YES;
				DEFINES_MODULE = YES;
				DEVELOPMENT_TEAM = LJABPM2A78;
				ENABLE_BITCODE = NO;
				INFOPLIST_FILE = AppRTCSwift/Info.plist;
				LD_RUNPATH_SEARCH_PATHS = "$(inherited) @executable_path/Frameworks";
				PRODUCT_BUNDLE_IDENTIFIER = net.brandontyler.AppRTCSwift;
				PRODUCT_NAME = "$(TARGET_NAME)";
				SWIFT_OBJC_BRIDGING_HEADER = "AppRTCSwift-Bridging-Header.h";
				SWIFT_SWIFT3_OBJC_INFERENCE = Default;
				SWIFT_VERSION = 4.0;
			};
			name = Release;
		};
		63DC0C4F1F4271F300808D9D /* Debug */ = {
			isa = XCBuildConfiguration;
			baseConfigurationReference = 0E1E4730B2A39897AE21D3A7 /* Pods-AppRTCSwiftTests.debug.xcconfig */;
			buildSettings = {
				ALWAYS_EMBED_SWIFT_STANDARD_LIBRARIES = YES;
				BUNDLE_LOADER = "$(TEST_HOST)";
				DEVELOPMENT_TEAM = LJABPM2A78;
				INFOPLIST_FILE = AppRTCSwiftTests/Info.plist;
				LD_RUNPATH_SEARCH_PATHS = "$(inherited) @executable_path/Frameworks @loader_path/Frameworks";
				PRODUCT_BUNDLE_IDENTIFIER = net.brandontyler.AppRTCSwiftTests;
				PRODUCT_NAME = "$(TARGET_NAME)";
				SWIFT_SWIFT3_OBJC_INFERENCE = Default;
				SWIFT_VERSION = 4.0;
				TEST_HOST = "$(BUILT_PRODUCTS_DIR)/AppRTCSwift.app/AppRTCSwift";
			};
			name = Debug;
		};
		63DC0C501F4271F300808D9D /* Release */ = {
			isa = XCBuildConfiguration;
			baseConfigurationReference = 90834BAEECCE5BD950754D7E /* Pods-AppRTCSwiftTests.release.xcconfig */;
			buildSettings = {
				ALWAYS_EMBED_SWIFT_STANDARD_LIBRARIES = YES;
				BUNDLE_LOADER = "$(TEST_HOST)";
				DEVELOPMENT_TEAM = LJABPM2A78;
				INFOPLIST_FILE = AppRTCSwiftTests/Info.plist;
				LD_RUNPATH_SEARCH_PATHS = "$(inherited) @executable_path/Frameworks @loader_path/Frameworks";
				PRODUCT_BUNDLE_IDENTIFIER = net.brandontyler.AppRTCSwiftTests;
				PRODUCT_NAME = "$(TARGET_NAME)";
				SWIFT_SWIFT3_OBJC_INFERENCE = Default;
				SWIFT_VERSION = 4.0;
				TEST_HOST = "$(BUILT_PRODUCTS_DIR)/AppRTCSwift.app/AppRTCSwift";
			};
			name = Release;
		};
		63DC0C521F4271F300808D9D /* Debug */ = {
			isa = XCBuildConfiguration;
			baseConfigurationReference = 254776DD73FD3BA79DF01E45 /* Pods-AppRTCSwiftUITests.debug.xcconfig */;
			buildSettings = {
				ALWAYS_EMBED_SWIFT_STANDARD_LIBRARIES = YES;
				DEVELOPMENT_TEAM = LJABPM2A78;
				INFOPLIST_FILE = AppRTCSwiftUITests/Info.plist;
				LD_RUNPATH_SEARCH_PATHS = "$(inherited) @executable_path/Frameworks @loader_path/Frameworks";
				PRODUCT_BUNDLE_IDENTIFIER = net.brandontyler.AppRTCSwiftUITests;
				PRODUCT_NAME = "$(TARGET_NAME)";
				SWIFT_SWIFT3_OBJC_INFERENCE = Default;
				SWIFT_VERSION = 4.0;
				TEST_TARGET_NAME = AppRTCSwift;
			};
			name = Debug;
		};
		63DC0C531F4271F300808D9D /* Release */ = {
			isa = XCBuildConfiguration;
			baseConfigurationReference = 7D21F3EAD2E78B0C26497FC2 /* Pods-AppRTCSwiftUITests.release.xcconfig */;
			buildSettings = {
				ALWAYS_EMBED_SWIFT_STANDARD_LIBRARIES = YES;
				DEVELOPMENT_TEAM = LJABPM2A78;
				INFOPLIST_FILE = AppRTCSwiftUITests/Info.plist;
				LD_RUNPATH_SEARCH_PATHS = "$(inherited) @executable_path/Frameworks @loader_path/Frameworks";
				PRODUCT_BUNDLE_IDENTIFIER = net.brandontyler.AppRTCSwiftUITests;
				PRODUCT_NAME = "$(TARGET_NAME)";
				SWIFT_SWIFT3_OBJC_INFERENCE = Default;
				SWIFT_VERSION = 4.0;
				TEST_TARGET_NAME = AppRTCSwift;
			};
			name = Release;
		};
/* End XCBuildConfiguration section */

/* Begin XCConfigurationList section */
		63DC0C1E1F4271F300808D9D /* Build configuration list for PBXProject "AppRTCSwift" */ = {
			isa = XCConfigurationList;
			buildConfigurations = (
				63DC0C491F4271F300808D9D /* Debug */,
				63DC0C4A1F4271F300808D9D /* Release */,
			);
			defaultConfigurationIsVisible = 0;
			defaultConfigurationName = Release;
		};
		63DC0C4B1F4271F300808D9D /* Build configuration list for PBXNativeTarget "AppRTCSwift" */ = {
			isa = XCConfigurationList;
			buildConfigurations = (
				63DC0C4C1F4271F300808D9D /* Debug */,
				63DC0C4D1F4271F300808D9D /* Release */,
			);
			defaultConfigurationIsVisible = 0;
			defaultConfigurationName = Release;
		};
		63DC0C4E1F4271F300808D9D /* Build configuration list for PBXNativeTarget "AppRTCSwiftTests" */ = {
			isa = XCConfigurationList;
			buildConfigurations = (
				63DC0C4F1F4271F300808D9D /* Debug */,
				63DC0C501F4271F300808D9D /* Release */,
			);
			defaultConfigurationIsVisible = 0;
			defaultConfigurationName = Release;
		};
		63DC0C511F4271F300808D9D /* Build configuration list for PBXNativeTarget "AppRTCSwiftUITests" */ = {
			isa = XCConfigurationList;
			buildConfigurations = (
				63DC0C521F4271F300808D9D /* Debug */,
				63DC0C531F4271F300808D9D /* Release */,
			);
			defaultConfigurationIsVisible = 0;
			defaultConfigurationName = Release;
		};
/* End XCConfigurationList section */
	};
	rootObject = 63DC0C1B1F4271F300808D9D /* Project object */;
}
